
Microsoft Visual Studio Solution File, Format Version 12.00
# Visual Studio Version 17
VisualStudioVersion = 17.0.31903.59
MinimumVisualStudioVersion = 10.0.40219.1
Project("{FAE04EC0-301F-11D3-BF4B-00C04F79EFBC}") = "DbAgent", "src\DbAgent\DbAgent.csproj", "{90DF55B3-C2F9-45D7-82D9-7B07A3772AD2}"
EndProject
Project("{2150E333-8FDC-42A3-9474-1A3956D46DE8}") = "tests", "tests", "{0AB3BF05-4346-4AA6-1389-037BE0695223}"
EndProject
Project("{FAE04EC0-301F-11D3-BF4B-00C04F79EFBC}") = "DbAgent.Tests", "tests\DbAgent.Tests\DbAgent.Tests.csproj", "{B37F7FE4-9B9E-4DA3-8472-46425D374DD5}"
EndProject
Project("{2150E333-8FDC-42A3-9474-1A3956D46DE8}") = "src", "src", "{827E0CD3-B72D-47B6-A68D-7590B98EB39B}"
EndProject
Global
	GlobalSection(SolutionConfigurationPlatforms) = preSolution
		Debug|Any CPU = Debug|Any CPU
		Debug|x64 = Debug|x64
		Debug|x86 = Debug|x86
		Release|Any CPU = Release|Any CPU
		Release|x64 = Release|x64
		Release|x86 = Release|x86
	EndGlobalSection
	GlobalSection(ProjectConfigurationPlatforms) = postSolution
		{90DF55B3-C2F9-45D7-82D9-7B07A3772AD2}.Debug|Any CPU.ActiveCfg = Debug|Any CPU
		{90DF55B3-C2F9-45D7-82D9-7B07A3772AD2}.Debug|Any CPU.Build.0 = Debug|Any CPU
		{90DF55B3-C2F9-45D7-82D9-7B07A3772AD2}.Debug|x64.ActiveCfg = Debug|Any CPU
		{90DF55B3-C2F9-45D7-82D9-7B07A3772AD2}.Debug|x64.Build.0 = Debug|Any CPU
		{90DF55B3-C2F9-45D7-82D9-7B07A3772AD2}.Debug|x86.ActiveCfg = Debug|Any CPU
		{90DF55B3-C2F9-45D7-82D9-7B07A3772AD2}.Debug|x86.Build.0 = Debug|Any CPU
		{90DF55B3-C2F9-45D7-82D9-7B07A3772AD2}.Release|Any CPU.ActiveCfg = Release|Any CPU
		{90DF55B3-C2F9-45D7-82D9-7B07A3772AD2}.Release|Any CPU.Build.0 = Release|Any CPU
		{90DF55B3-C2F9-45D7-82D9-7B07A3772AD2}.Release|x64.ActiveCfg = Release|Any CPU
		{90DF55B3-C2F9-45D7-82D9-7B07A3772AD2}.Release|x64.Build.0 = Release|Any CPU
		{90DF55B3-C2F9-45D7-82D9-7B07A3772AD2}.Release|x86.ActiveCfg = Release|Any CPU
		{90DF55B3-C2F9-45D7-82D9-7B07A3772AD2}.Release|x86.Build.0 = Release|Any CPU
		{B37F7FE4-9B9E-4DA3-8472-46425D374DD5}.Debug|Any CPU.ActiveCfg = Debug|Any CPU
		{B37F7FE4-9B9E-4DA3-8472-46425D374DD5}.Debug|Any CPU.Build.0 = Debug|Any CPU
		{B37F7FE4-9B9E-4DA3-8472-46425D374DD5}.Debug|x64.ActiveCfg = Debug|Any CPU
		{B37F7FE4-9B9E-4DA3-8472-46425D374DD5}.Debug|x64.Build.0 = Debug|Any CPU
		{B37F7FE4-9B9E-4DA3-8472-46425D374DD5}.Debug|x86.ActiveCfg = Debug|Any CPU
		{B37F7FE4-9B9E-4DA3-8472-46425D374DD5}.Debug|x86.Build.0 = Debug|Any CPU
		{B37F7FE4-9B9E-4DA3-8472-46425D374DD5}.Release|Any CPU.ActiveCfg = Release|Any CPU
		{B37F7FE4-9B9E-4DA3-8472-46425D374DD5}.Release|Any CPU.Build.0 = Release|Any CPU
		{B37F7FE4-9B9E-4DA3-8472-46425D374DD5}.Release|x64.ActiveCfg = Release|Any CPU
		{B37F7FE4-9B9E-4DA3-8472-46425D374DD5}.Release|x64.Build.0 = Release|Any CPU
		{B37F7FE4-9B9E-4DA3-8472-46425D374DD5}.Release|x86.ActiveCfg = Release|Any CPU
		{B37F7FE4-9B9E-4DA3-8472-46425D374DD5}.Release|x86.Build.0 = Release|Any CPU
	EndGlobalSection
	GlobalSection(SolutionProperties) = preSolution
		HideSolutionNode = FALSE
	EndGlobalSection
	GlobalSection(NestedProjects) = preSolution
		{B37F7FE4-9B9E-4DA3-8472-46425D374DD5} = {0AB3BF05-4346-4AA6-1389-037BE0695223}
	EndGlobalSection
EndGlobal
